
Microsoft Visual Studio Solution File, Format Version 12.00
# Visual Studio 15
VisualStudioVersion = 15.0.26124.0
MinimumVisualStudioVersion = 15.0.26124.0
Project("{9A19103F-16F7-4668-BE54-9A1E7A4F7556}") = "R5T.Argos.Construction", "R5T.Argos.Construction\R5T.Argos.Construction.csproj", "{CCFB1501-9D8E-4E0D-9F15-AF90733D4399}"
EndProject
Project("{9A19103F-16F7-4668-BE54-9A1E7A4F7556}") = "R5T.Argos", "R5T.Argos\R5T.Argos.csproj", "{A3B02F8C-6719-4DEB-9772-F1562E247425}"
EndProject
Project("{9A19103F-16F7-4668-BE54-9A1E7A4F7556}") = "R5T.Argos.Testing", "R5T.Argos.Testing\R5T.Argos.Testing.csproj", "{B8C20A18-31C6-40F4-A777-99FB957A93B2}"
EndProject
Project("{2150E333-8FDC-42A3-9474-1A3956D46DE8}") = "_Dependencies", "_Dependencies", "{42A1416C-FA1A-4B4C-9F4E-481CC06934EB}"
EndProject
Project("{9A19103F-16F7-4668-BE54-9A1E7A4F7556}") = "R5T.Gimpolis", "..\..\R5T.Gimpolis\source\R5T.Gimpolis\R5T.Gimpolis.csproj", "{D7A6FD3E-723C-49EB-B8F2-82F1BE005F2F}"
EndProject
Project("{9A19103F-16F7-4668-BE54-9A1E7A4F7556}") = "R5T.Sardinia", "..\..\R5T.Sardinia\source\R5T.Sardinia\R5T.Sardinia.csproj", "{416E48E7-12AA-4B62-860E-194AACD0F241}"
EndProject
Project("{9A19103F-16F7-4668-BE54-9A1E7A4F7556}") = "R5T.Scotia", "..\..\R5T.Scotia\source\R5T.Scotia\R5T.Scotia.csproj", "{A1C0F9E3-997F-42EE-B66E-8956B47870C6}"
EndProject
Project("{9A19103F-16F7-4668-BE54-9A1E7A4F7556}") = "R5T.Chamavia", "..\..\R5T.Chamavia\source\R5T.Chamavia\R5T.Chamavia.csproj", "{B454706C-6285-4EBB-BF33-DB3F3747F246}"
EndProject
Project("{9A19103F-16F7-4668-BE54-9A1E7A4F7556}") = "R5T.Dacia", "..\..\R5T.Dacia\source\R5T.Dacia\R5T.Dacia.csproj", "{20E4B839-757A-4558-A642-72D9669F55EB}"
EndProject
Project("{9A19103F-16F7-4668-BE54-9A1E7A4F7556}") = "R5T.Alamania.Bulgaria", "..\..\R5T.Alamania.Bulgaria\source\R5T.Alamania.Bulgaria\R5T.Alamania.Bulgaria.csproj", "{B33A521B-38DC-4869-A813-102BBC6C1EF1}"
EndProject
Project("{9A19103F-16F7-4668-BE54-9A1E7A4F7556}") = "R5T.Alamania.Base", "..\..\R5T.Alamania.Base\source\R5T.Alamania.Base\R5T.Alamania.Base.csproj", "{37FEB4DD-9BA9-4ECA-9069-BF7C33A78555}"
EndProject
Project("{9A19103F-16F7-4668-BE54-9A1E7A4F7556}") = "R5T.Bulgaria.Base", "..\..\R5T.Bulgaria.Base\source\R5T.Bulgaria.Base\R5T.Bulgaria.Base.csproj", "{006F3FC0-EE8C-4F08-ABB2-37B153D3EE0A}"
EndProject
Project("{9A19103F-16F7-4668-BE54-9A1E7A4F7556}") = "R5T.Costobocia.Base", "..\..\R5T.Costobocia.Base\source\R5T.Costobocia.Base\R5T.Costobocia.Base.csproj", "{9D6822CC-3443-44F6-B539-019B9BFF42B4}"
EndProject
Project("{9A19103F-16F7-4668-BE54-9A1E7A4F7556}") = "R5T.Ostrogothia", "..\..\R5T.Ostrogothia\source\R5T.Ostrogothia\R5T.Ostrogothia.csproj", "{FB184D3B-5E2B-4A41-A6CD-FD341C8E2222}"
EndProject
Project("{9A19103F-16F7-4668-BE54-9A1E7A4F7556}") = "R5T.Ostrogothia.Rivet", "..\..\R5T.Ostrogothia.Rivet\source\R5T.Ostrogothia.Rivet\R5T.Ostrogothia.Rivet.csproj", "{624147A6-63C6-4D8D-B36B-C7DF626FCDD9}"
EndProject
Project("{9A19103F-16F7-4668-BE54-9A1E7A4F7556}") = "R5T.Bulgaria.Default.Local", "..\..\R5T.Bulgaria.Default.Local\source\R5T.Bulgaria.Default.Local\R5T.Bulgaria.Default.Local.csproj", "{398943FB-FCE8-4EC4-92A0-745C868C134B}"
EndProject
Project("{9A19103F-16F7-4668-BE54-9A1E7A4F7556}") = "R5T.Lombardy.Base", "..\..\R5T.Lombardy.Base\source\R5T.Lombardy.Base\R5T.Lombardy.Base.csproj", "{1F20230E-AFA8-43FC-843E-2F696C17D159}"
EndProject
Project("{9A19103F-16F7-4668-BE54-9A1E7A4F7556}") = "R5T.Visigothia.Base", "..\..\R5T.Visigothia.Base\source\R5T.Visigothia.Base\R5T.Visigothia.Base.csproj", "{B4BCBF7C-62D2-4AB6-9142-5FD76D942A11}"
EndProject
Project("{9A19103F-16F7-4668-BE54-9A1E7A4F7556}") = "R5T.Costobocia.Default", "..\..\R5T.Costobocia.Default\source\R5T.Costobocia.Default\R5T.Costobocia.Default.csproj", "{80FC3BA3-780F-4B92-9ED2-01B1D22EA701}"
EndProject
Project("{9A19103F-16F7-4668-BE54-9A1E7A4F7556}") = "R5T.Lombardy", "..\..\R5T.Lombardy\source\R5T.Lombardy\R5T.Lombardy.csproj", "{2D610F86-14BF-4816-B9E7-6F9157829A2A}"
EndProject
Project("{9A19103F-16F7-4668-BE54-9A1E7A4F7556}") = "R5T.Cherusci", "..\..\R5T.Cherusci\source\R5T.Cherusci\R5T.Cherusci.csproj", "{4BF1F01C-855D-465C-929A-503F58190F15}"
EndProject
Project("{9A19103F-16F7-4668-BE54-9A1E7A4F7556}") = "R5T.Magyar", "..\..\R5T.Magyar\source\R5T.Magyar\R5T.Magyar.csproj", "{ED08E094-A23C-40A5-B762-B78DD53DE296}"
EndProject
Project("{9A19103F-16F7-4668-BE54-9A1E7A4F7556}") = "R5T.Rugia", "..\..\R5T.Rugia\source\R5T.Rugia\R5T.Rugia.csproj", "{FAA061C0-6210-490C-832F-00F4D911253B}"
EndProject
Project("{9A19103F-16F7-4668-BE54-9A1E7A4F7556}") = "R5T.Rugia.Base", "..\..\R5T.Rugia.Base\source\R5T.Rugia.Base\R5T.Rugia.Base.csproj", "{9A16C71F-444E-486B-953B-7DEEC99D7534}"
EndProject
Project("{9A19103F-16F7-4668-BE54-9A1E7A4F7556}") = "R5T.Suebia.Alamania", "..\..\R5T.Suebia.Alamania\source\R5T.Suebia.Alamania\R5T.Suebia.Alamania.csproj", "{E46BF68B-BFF4-4422-89B0-382723A7A9A0}"
EndProject
Project("{9A19103F-16F7-4668-BE54-9A1E7A4F7556}") = "R5T.Suebia.Base", "..\..\R5T.Suebia.Base\source\R5T.Suebia.Base\R5T.Suebia.Base.csproj", "{EE7F3263-70D9-49DD-A108-CA7EECA97810}"
EndProject
Project("{9A19103F-16F7-4668-BE54-9A1E7A4F7556}") = "R5T.Visigothia.Default.Local", "..\..\R5T.Visigothia.Default.Local\source\R5T.Visigothia.Default.Local\R5T.Visigothia.Default.Local.csproj", "{50CF916A-724E-4AED-BF09-10608DD749D8}"
EndProject
Global
	GlobalSection(SolutionConfigurationPlatforms) = preSolution
		Debug|Any CPU = Debug|Any CPU
		Debug|x64 = Debug|x64
		Debug|x86 = Debug|x86
		Release|Any CPU = Release|Any CPU
		Release|x64 = Release|x64
		Release|x86 = Release|x86
	EndGlobalSection
	GlobalSection(ProjectConfigurationPlatforms) = postSolution
		{CCFB1501-9D8E-4E0D-9F15-AF90733D4399}.Debug|Any CPU.ActiveCfg = Debug|Any CPU
		{CCFB1501-9D8E-4E0D-9F15-AF90733D4399}.Debug|Any CPU.Build.0 = Debug|Any CPU
		{CCFB1501-9D8E-4E0D-9F15-AF90733D4399}.Debug|x64.ActiveCfg = Debug|Any CPU
		{CCFB1501-9D8E-4E0D-9F15-AF90733D4399}.Debug|x64.Build.0 = Debug|Any CPU
		{CCFB1501-9D8E-4E0D-9F15-AF90733D4399}.Debug|x86.ActiveCfg = Debug|Any CPU
		{CCFB1501-9D8E-4E0D-9F15-AF90733D4399}.Debug|x86.Build.0 = Debug|Any CPU
		{CCFB1501-9D8E-4E0D-9F15-AF90733D4399}.Release|Any CPU.ActiveCfg = Release|Any CPU
		{CCFB1501-9D8E-4E0D-9F15-AF90733D4399}.Release|Any CPU.Build.0 = Release|Any CPU
		{CCFB1501-9D8E-4E0D-9F15-AF90733D4399}.Release|x64.ActiveCfg = Release|Any CPU
		{CCFB1501-9D8E-4E0D-9F15-AF90733D4399}.Release|x64.Build.0 = Release|Any CPU
		{CCFB1501-9D8E-4E0D-9F15-AF90733D4399}.Release|x86.ActiveCfg = Release|Any CPU
		{CCFB1501-9D8E-4E0D-9F15-AF90733D4399}.Release|x86.Build.0 = Release|Any CPU
		{A3B02F8C-6719-4DEB-9772-F1562E247425}.Debug|Any CPU.ActiveCfg = Debug|Any CPU
		{A3B02F8C-6719-4DEB-9772-F1562E247425}.Debug|Any CPU.Build.0 = Debug|Any CPU
		{A3B02F8C-6719-4DEB-9772-F1562E247425}.Debug|x64.ActiveCfg = Debug|Any CPU
		{A3B02F8C-6719-4DEB-9772-F1562E247425}.Debug|x64.Build.0 = Debug|Any CPU
		{A3B02F8C-6719-4DEB-9772-F1562E247425}.Debug|x86.ActiveCfg = Debug|Any CPU
		{A3B02F8C-6719-4DEB-9772-F1562E247425}.Debug|x86.Build.0 = Debug|Any CPU
		{A3B02F8C-6719-4DEB-9772-F1562E247425}.Release|Any CPU.ActiveCfg = Release|Any CPU
		{A3B02F8C-6719-4DEB-9772-F1562E247425}.Release|Any CPU.Build.0 = Release|Any CPU
		{A3B02F8C-6719-4DEB-9772-F1562E247425}.Release|x64.ActiveCfg = Release|Any CPU
		{A3B02F8C-6719-4DEB-9772-F1562E247425}.Release|x64.Build.0 = Release|Any CPU
		{A3B02F8C-6719-4DEB-9772-F1562E247425}.Release|x86.ActiveCfg = Release|Any CPU
		{A3B02F8C-6719-4DEB-9772-F1562E247425}.Release|x86.Build.0 = Release|Any CPU
		{B8C20A18-31C6-40F4-A777-99FB957A93B2}.Debug|Any CPU.ActiveCfg = Debug|Any CPU
		{B8C20A18-31C6-40F4-A777-99FB957A93B2}.Debug|Any CPU.Build.0 = Debug|Any CPU
		{B8C20A18-31C6-40F4-A777-99FB957A93B2}.Debug|x64.ActiveCfg = Debug|Any CPU
		{B8C20A18-31C6-40F4-A777-99FB957A93B2}.Debug|x64.Build.0 = Debug|Any CPU
		{B8C20A18-31C6-40F4-A777-99FB957A93B2}.Debug|x86.ActiveCfg = Debug|Any CPU
		{B8C20A18-31C6-40F4-A777-99FB957A93B2}.Debug|x86.Build.0 = Debug|Any CPU
		{B8C20A18-31C6-40F4-A777-99FB957A93B2}.Release|Any CPU.ActiveCfg = Release|Any CPU
		{B8C20A18-31C6-40F4-A777-99FB957A93B2}.Release|Any CPU.Build.0 = Release|Any CPU
		{B8C20A18-31C6-40F4-A777-99FB957A93B2}.Release|x64.ActiveCfg = Release|Any CPU
		{B8C20A18-31C6-40F4-A777-99FB957A93B2}.Release|x64.Build.0 = Release|Any CPU
		{B8C20A18-31C6-40F4-A777-99FB957A93B2}.Release|x86.ActiveCfg = Release|Any CPU
		{B8C20A18-31C6-40F4-A777-99FB957A93B2}.Release|x86.Build.0 = Release|Any CPU
		{D7A6FD3E-723C-49EB-B8F2-82F1BE005F2F}.Debug|Any CPU.ActiveCfg = Debug|Any CPU
		{D7A6FD3E-723C-49EB-B8F2-82F1BE005F2F}.Debug|Any CPU.Build.0 = Debug|Any CPU
		{D7A6FD3E-723C-49EB-B8F2-82F1BE005F2F}.Debug|x64.ActiveCfg = Debug|Any CPU
		{D7A6FD3E-723C-49EB-B8F2-82F1BE005F2F}.Debug|x64.Build.0 = Debug|Any CPU
		{D7A6FD3E-723C-49EB-B8F2-82F1BE005F2F}.Debug|x86.ActiveCfg = Debug|Any CPU
		{D7A6FD3E-723C-49EB-B8F2-82F1BE005F2F}.Debug|x86.Build.0 = Debug|Any CPU
		{D7A6FD3E-723C-49EB-B8F2-82F1BE005F2F}.Release|Any CPU.ActiveCfg = Release|Any CPU
		{D7A6FD3E-723C-49EB-B8F2-82F1BE005F2F}.Release|Any CPU.Build.0 = Release|Any CPU
		{D7A6FD3E-723C-49EB-B8F2-82F1BE005F2F}.Release|x64.ActiveCfg = Release|Any CPU
		{D7A6FD3E-723C-49EB-B8F2-82F1BE005F2F}.Release|x64.Build.0 = Release|Any CPU
		{D7A6FD3E-723C-49EB-B8F2-82F1BE005F2F}.Release|x86.ActiveCfg = Release|Any CPU
		{D7A6FD3E-723C-49EB-B8F2-82F1BE005F2F}.Release|x86.Build.0 = Release|Any CPU
		{416E48E7-12AA-4B62-860E-194AACD0F241}.Debug|Any CPU.ActiveCfg = Debug|Any CPU
		{416E48E7-12AA-4B62-860E-194AACD0F241}.Debug|Any CPU.Build.0 = Debug|Any CPU
		{416E48E7-12AA-4B62-860E-194AACD0F241}.Debug|x64.ActiveCfg = Debug|Any CPU
		{416E48E7-12AA-4B62-860E-194AACD0F241}.Debug|x64.Build.0 = Debug|Any CPU
		{416E48E7-12AA-4B62-860E-194AACD0F241}.Debug|x86.ActiveCfg = Debug|Any CPU
		{416E48E7-12AA-4B62-860E-194AACD0F241}.Debug|x86.Build.0 = Debug|Any CPU
		{416E48E7-12AA-4B62-860E-194AACD0F241}.Release|Any CPU.ActiveCfg = Release|Any CPU
		{416E48E7-12AA-4B62-860E-194AACD0F241}.Release|Any CPU.Build.0 = Release|Any CPU
		{416E48E7-12AA-4B62-860E-194AACD0F241}.Release|x64.ActiveCfg = Release|Any CPU
		{416E48E7-12AA-4B62-860E-194AACD0F241}.Release|x64.Build.0 = Release|Any CPU
		{416E48E7-12AA-4B62-860E-194AACD0F241}.Release|x86.ActiveCfg = Release|Any CPU
		{416E48E7-12AA-4B62-860E-194AACD0F241}.Release|x86.Build.0 = Release|Any CPU
		{A1C0F9E3-997F-42EE-B66E-8956B47870C6}.Debug|Any CPU.ActiveCfg = Debug|Any CPU
		{A1C0F9E3-997F-42EE-B66E-8956B47870C6}.Debug|Any CPU.Build.0 = Debug|Any CPU
		{A1C0F9E3-997F-42EE-B66E-8956B47870C6}.Debug|x64.ActiveCfg = Debug|Any CPU
		{A1C0F9E3-997F-42EE-B66E-8956B47870C6}.Debug|x64.Build.0 = Debug|Any CPU
		{A1C0F9E3-997F-42EE-B66E-8956B47870C6}.Debug|x86.ActiveCfg = Debug|Any CPU
		{A1C0F9E3-997F-42EE-B66E-8956B47870C6}.Debug|x86.Build.0 = Debug|Any CPU
		{A1C0F9E3-997F-42EE-B66E-8956B47870C6}.Release|Any CPU.ActiveCfg = Release|Any CPU
		{A1C0F9E3-997F-42EE-B66E-8956B47870C6}.Release|Any CPU.Build.0 = Release|Any CPU
		{A1C0F9E3-997F-42EE-B66E-8956B47870C6}.Release|x64.ActiveCfg = Release|Any CPU
		{A1C0F9E3-997F-42EE-B66E-8956B47870C6}.Release|x64.Build.0 = Release|Any CPU
		{A1C0F9E3-997F-42EE-B66E-8956B47870C6}.Release|x86.ActiveCfg = Release|Any CPU
		{A1C0F9E3-997F-42EE-B66E-8956B47870C6}.Release|x86.Build.0 = Release|Any CPU
		{B454706C-6285-4EBB-BF33-DB3F3747F246}.Debug|Any CPU.ActiveCfg = Debug|Any CPU
		{B454706C-6285-4EBB-BF33-DB3F3747F246}.Debug|Any CPU.Build.0 = Debug|Any CPU
		{B454706C-6285-4EBB-BF33-DB3F3747F246}.Debug|x64.ActiveCfg = Debug|Any CPU
		{B454706C-6285-4EBB-BF33-DB3F3747F246}.Debug|x64.Build.0 = Debug|Any CPU
		{B454706C-6285-4EBB-BF33-DB3F3747F246}.Debug|x86.ActiveCfg = Debug|Any CPU
		{B454706C-6285-4EBB-BF33-DB3F3747F246}.Debug|x86.Build.0 = Debug|Any CPU
		{B454706C-6285-4EBB-BF33-DB3F3747F246}.Release|Any CPU.ActiveCfg = Release|Any CPU
		{B454706C-6285-4EBB-BF33-DB3F3747F246}.Release|Any CPU.Build.0 = Release|Any CPU
		{B454706C-6285-4EBB-BF33-DB3F3747F246}.Release|x64.ActiveCfg = Release|Any CPU
		{B454706C-6285-4EBB-BF33-DB3F3747F246}.Release|x64.Build.0 = Release|Any CPU
		{B454706C-6285-4EBB-BF33-DB3F3747F246}.Release|x86.ActiveCfg = Release|Any CPU
		{B454706C-6285-4EBB-BF33-DB3F3747F246}.Release|x86.Build.0 = Release|Any CPU
		{20E4B839-757A-4558-A642-72D9669F55EB}.Debug|Any CPU.ActiveCfg = Debug|Any CPU
		{20E4B839-757A-4558-A642-72D9669F55EB}.Debug|Any CPU.Build.0 = Debug|Any CPU
		{20E4B839-757A-4558-A642-72D9669F55EB}.Debug|x64.ActiveCfg = Debug|Any CPU
		{20E4B839-757A-4558-A642-72D9669F55EB}.Debug|x64.Build.0 = Debug|Any CPU
		{20E4B839-757A-4558-A642-72D9669F55EB}.Debug|x86.ActiveCfg = Debug|Any CPU
		{20E4B839-757A-4558-A642-72D9669F55EB}.Debug|x86.Build.0 = Debug|Any CPU
		{20E4B839-757A-4558-A642-72D9669F55EB}.Release|Any CPU.ActiveCfg = Release|Any CPU
		{20E4B839-757A-4558-A642-72D9669F55EB}.Release|Any CPU.Build.0 = Release|Any CPU
		{20E4B839-757A-4558-A642-72D9669F55EB}.Release|x64.ActiveCfg = Release|Any CPU
		{20E4B839-757A-4558-A642-72D9669F55EB}.Release|x64.Build.0 = Release|Any CPU
		{20E4B839-757A-4558-A642-72D9669F55EB}.Release|x86.ActiveCfg = Release|Any CPU
		{20E4B839-757A-4558-A642-72D9669F55EB}.Release|x86.Build.0 = Release|Any CPU
		{B33A521B-38DC-4869-A813-102BBC6C1EF1}.Debug|Any CPU.ActiveCfg = Debug|Any CPU
		{B33A521B-38DC-4869-A813-102BBC6C1EF1}.Debug|Any CPU.Build.0 = Debug|Any CPU
		{B33A521B-38DC-4869-A813-102BBC6C1EF1}.Debug|x64.ActiveCfg = Debug|Any CPU
		{B33A521B-38DC-4869-A813-102BBC6C1EF1}.Debug|x64.Build.0 = Debug|Any CPU
		{B33A521B-38DC-4869-A813-102BBC6C1EF1}.Debug|x86.ActiveCfg = Debug|Any CPU
		{B33A521B-38DC-4869-A813-102BBC6C1EF1}.Debug|x86.Build.0 = Debug|Any CPU
		{B33A521B-38DC-4869-A813-102BBC6C1EF1}.Release|Any CPU.ActiveCfg = Release|Any CPU
		{B33A521B-38DC-4869-A813-102BBC6C1EF1}.Release|Any CPU.Build.0 = Release|Any CPU
		{B33A521B-38DC-4869-A813-102BBC6C1EF1}.Release|x64.ActiveCfg = Release|Any CPU
		{B33A521B-38DC-4869-A813-102BBC6C1EF1}.Release|x64.Build.0 = Release|Any CPU
		{B33A521B-38DC-4869-A813-102BBC6C1EF1}.Release|x86.ActiveCfg = Release|Any CPU
		{B33A521B-38DC-4869-A813-102BBC6C1EF1}.Release|x86.Build.0 = Release|Any CPU
		{37FEB4DD-9BA9-4ECA-9069-BF7C33A78555}.Debug|Any CPU.ActiveCfg = Debug|Any CPU
		{37FEB4DD-9BA9-4ECA-9069-BF7C33A78555}.Debug|Any CPU.Build.0 = Debug|Any CPU
		{37FEB4DD-9BA9-4ECA-9069-BF7C33A78555}.Debug|x64.ActiveCfg = Debug|Any CPU
		{37FEB4DD-9BA9-4ECA-9069-BF7C33A78555}.Debug|x64.Build.0 = Debug|Any CPU
		{37FEB4DD-9BA9-4ECA-9069-BF7C33A78555}.Debug|x86.ActiveCfg = Debug|Any CPU
		{37FEB4DD-9BA9-4ECA-9069-BF7C33A78555}.Debug|x86.Build.0 = Debug|Any CPU
		{37FEB4DD-9BA9-4ECA-9069-BF7C33A78555}.Release|Any CPU.ActiveCfg = Release|Any CPU
		{37FEB4DD-9BA9-4ECA-9069-BF7C33A78555}.Release|Any CPU.Build.0 = Release|Any CPU
		{37FEB4DD-9BA9-4ECA-9069-BF7C33A78555}.Release|x64.ActiveCfg = Release|Any CPU
		{37FEB4DD-9BA9-4ECA-9069-BF7C33A78555}.Release|x64.Build.0 = Release|Any CPU
		{37FEB4DD-9BA9-4ECA-9069-BF7C33A78555}.Release|x86.ActiveCfg = Release|Any CPU
		{37FEB4DD-9BA9-4ECA-9069-BF7C33A78555}.Release|x86.Build.0 = Release|Any CPU
		{006F3FC0-EE8C-4F08-ABB2-37B153D3EE0A}.Debug|Any CPU.ActiveCfg = Debug|Any CPU
		{006F3FC0-EE8C-4F08-ABB2-37B153D3EE0A}.Debug|Any CPU.Build.0 = Debug|Any CPU
		{006F3FC0-EE8C-4F08-ABB2-37B153D3EE0A}.Debug|x64.ActiveCfg = Debug|Any CPU
		{006F3FC0-EE8C-4F08-ABB2-37B153D3EE0A}.Debug|x64.Build.0 = Debug|Any CPU
		{006F3FC0-EE8C-4F08-ABB2-37B153D3EE0A}.Debug|x86.ActiveCfg = Debug|Any CPU
		{006F3FC0-EE8C-4F08-ABB2-37B153D3EE0A}.Debug|x86.Build.0 = Debug|Any CPU
		{006F3FC0-EE8C-4F08-ABB2-37B153D3EE0A}.Release|Any CPU.ActiveCfg = Release|Any CPU
		{006F3FC0-EE8C-4F08-ABB2-37B153D3EE0A}.Release|Any CPU.Build.0 = Release|Any CPU
		{006F3FC0-EE8C-4F08-ABB2-37B153D3EE0A}.Release|x64.ActiveCfg = Release|Any CPU
		{006F3FC0-EE8C-4F08-ABB2-37B153D3EE0A}.Release|x64.Build.0 = Release|Any CPU
		{006F3FC0-EE8C-4F08-ABB2-37B153D3EE0A}.Release|x86.ActiveCfg = Release|Any CPU
		{006F3FC0-EE8C-4F08-ABB2-37B153D3EE0A}.Release|x86.Build.0 = Release|Any CPU
		{9D6822CC-3443-44F6-B539-019B9BFF42B4}.Debug|Any CPU.ActiveCfg = Debug|Any CPU
		{9D6822CC-3443-44F6-B539-019B9BFF42B4}.Debug|Any CPU.Build.0 = Debug|Any CPU
		{9D6822CC-3443-44F6-B539-019B9BFF42B4}.Debug|x64.ActiveCfg = Debug|Any CPU
		{9D6822CC-3443-44F6-B539-019B9BFF42B4}.Debug|x64.Build.0 = Debug|Any CPU
		{9D6822CC-3443-44F6-B539-019B9BFF42B4}.Debug|x86.ActiveCfg = Debug|Any CPU
		{9D6822CC-3443-44F6-B539-019B9BFF42B4}.Debug|x86.Build.0 = Debug|Any CPU
		{9D6822CC-3443-44F6-B539-019B9BFF42B4}.Release|Any CPU.ActiveCfg = Release|Any CPU
		{9D6822CC-3443-44F6-B539-019B9BFF42B4}.Release|Any CPU.Build.0 = Release|Any CPU
		{9D6822CC-3443-44F6-B539-019B9BFF42B4}.Release|x64.ActiveCfg = Release|Any CPU
		{9D6822CC-3443-44F6-B539-019B9BFF42B4}.Release|x64.Build.0 = Release|Any CPU
		{9D6822CC-3443-44F6-B539-019B9BFF42B4}.Release|x86.ActiveCfg = Release|Any CPU
		{9D6822CC-3443-44F6-B539-019B9BFF42B4}.Release|x86.Build.0 = Release|Any CPU
		{FB184D3B-5E2B-4A41-A6CD-FD341C8E2222}.Debug|Any CPU.ActiveCfg = Debug|Any CPU
		{FB184D3B-5E2B-4A41-A6CD-FD341C8E2222}.Debug|Any CPU.Build.0 = Debug|Any CPU
		{FB184D3B-5E2B-4A41-A6CD-FD341C8E2222}.Debug|x64.ActiveCfg = Debug|Any CPU
		{FB184D3B-5E2B-4A41-A6CD-FD341C8E2222}.Debug|x64.Build.0 = Debug|Any CPU
		{FB184D3B-5E2B-4A41-A6CD-FD341C8E2222}.Debug|x86.ActiveCfg = Debug|Any CPU
		{FB184D3B-5E2B-4A41-A6CD-FD341C8E2222}.Debug|x86.Build.0 = Debug|Any CPU
		{FB184D3B-5E2B-4A41-A6CD-FD341C8E2222}.Release|Any CPU.ActiveCfg = Release|Any CPU
		{FB184D3B-5E2B-4A41-A6CD-FD341C8E2222}.Release|Any CPU.Build.0 = Release|Any CPU
		{FB184D3B-5E2B-4A41-A6CD-FD341C8E2222}.Release|x64.ActiveCfg = Release|Any CPU
		{FB184D3B-5E2B-4A41-A6CD-FD341C8E2222}.Release|x64.Build.0 = Release|Any CPU
		{FB184D3B-5E2B-4A41-A6CD-FD341C8E2222}.Release|x86.ActiveCfg = Release|Any CPU
		{FB184D3B-5E2B-4A41-A6CD-FD341C8E2222}.Release|x86.Build.0 = Release|Any CPU
		{624147A6-63C6-4D8D-B36B-C7DF626FCDD9}.Debug|Any CPU.ActiveCfg = Debug|Any CPU
		{624147A6-63C6-4D8D-B36B-C7DF626FCDD9}.Debug|Any CPU.Build.0 = Debug|Any CPU
		{624147A6-63C6-4D8D-B36B-C7DF626FCDD9}.Debug|x64.ActiveCfg = Debug|Any CPU
		{624147A6-63C6-4D8D-B36B-C7DF626FCDD9}.Debug|x64.Build.0 = Debug|Any CPU
		{624147A6-63C6-4D8D-B36B-C7DF626FCDD9}.Debug|x86.ActiveCfg = Debug|Any CPU
		{624147A6-63C6-4D8D-B36B-C7DF626FCDD9}.Debug|x86.Build.0 = Debug|Any CPU
		{624147A6-63C6-4D8D-B36B-C7DF626FCDD9}.Release|Any CPU.ActiveCfg = Release|Any CPU
		{624147A6-63C6-4D8D-B36B-C7DF626FCDD9}.Release|Any CPU.Build.0 = Release|Any CPU
		{624147A6-63C6-4D8D-B36B-C7DF626FCDD9}.Release|x64.ActiveCfg = Release|Any CPU
		{624147A6-63C6-4D8D-B36B-C7DF626FCDD9}.Release|x64.Build.0 = Release|Any CPU
		{624147A6-63C6-4D8D-B36B-C7DF626FCDD9}.Release|x86.ActiveCfg = Release|Any CPU
		{624147A6-63C6-4D8D-B36B-C7DF626FCDD9}.Release|x86.Build.0 = Release|Any CPU
		{398943FB-FCE8-4EC4-92A0-745C868C134B}.Debug|Any CPU.ActiveCfg = Debug|Any CPU
		{398943FB-FCE8-4EC4-92A0-745C868C134B}.Debug|Any CPU.Build.0 = Debug|Any CPU
		{398943FB-FCE8-4EC4-92A0-745C868C134B}.Debug|x64.ActiveCfg = Debug|Any CPU
		{398943FB-FCE8-4EC4-92A0-745C868C134B}.Debug|x64.Build.0 = Debug|Any CPU
		{398943FB-FCE8-4EC4-92A0-745C868C134B}.Debug|x86.ActiveCfg = Debug|Any CPU
		{398943FB-FCE8-4EC4-92A0-745C868C134B}.Debug|x86.Build.0 = Debug|Any CPU
		{398943FB-FCE8-4EC4-92A0-745C868C134B}.Release|Any CPU.ActiveCfg = Release|Any CPU
		{398943FB-FCE8-4EC4-92A0-745C868C134B}.Release|Any CPU.Build.0 = Release|Any CPU
		{398943FB-FCE8-4EC4-92A0-745C868C134B}.Release|x64.ActiveCfg = Release|Any CPU
		{398943FB-FCE8-4EC4-92A0-745C868C134B}.Release|x64.Build.0 = Release|Any CPU
		{398943FB-FCE8-4EC4-92A0-745C868C134B}.Release|x86.ActiveCfg = Release|Any CPU
		{398943FB-FCE8-4EC4-92A0-745C868C134B}.Release|x86.Build.0 = Release|Any CPU
		{1F20230E-AFA8-43FC-843E-2F696C17D159}.Debug|Any CPU.ActiveCfg = Debug|Any CPU
		{1F20230E-AFA8-43FC-843E-2F696C17D159}.Debug|Any CPU.Build.0 = Debug|Any CPU
		{1F20230E-AFA8-43FC-843E-2F696C17D159}.Debug|x64.ActiveCfg = Debug|Any CPU
		{1F20230E-AFA8-43FC-843E-2F696C17D159}.Debug|x64.Build.0 = Debug|Any CPU
		{1F20230E-AFA8-43FC-843E-2F696C17D159}.Debug|x86.ActiveCfg = Debug|Any CPU
		{1F20230E-AFA8-43FC-843E-2F696C17D159}.Debug|x86.Build.0 = Debug|Any CPU
		{1F20230E-AFA8-43FC-843E-2F696C17D159}.Release|Any CPU.ActiveCfg = Release|Any CPU
		{1F20230E-AFA8-43FC-843E-2F696C17D159}.Release|Any CPU.Build.0 = Release|Any CPU
		{1F20230E-AFA8-43FC-843E-2F696C17D159}.Release|x64.ActiveCfg = Release|Any CPU
		{1F20230E-AFA8-43FC-843E-2F696C17D159}.Release|x64.Build.0 = Release|Any CPU
		{1F20230E-AFA8-43FC-843E-2F696C17D159}.Release|x86.ActiveCfg = Release|Any CPU
		{1F20230E-AFA8-43FC-843E-2F696C17D159}.Release|x86.Build.0 = Release|Any CPU
		{B4BCBF7C-62D2-4AB6-9142-5FD76D942A11}.Debug|Any CPU.ActiveCfg = Debug|Any CPU
		{B4BCBF7C-62D2-4AB6-9142-5FD76D942A11}.Debug|Any CPU.Build.0 = Debug|Any CPU
		{B4BCBF7C-62D2-4AB6-9142-5FD76D942A11}.Debug|x64.ActiveCfg = Debug|Any CPU
		{B4BCBF7C-62D2-4AB6-9142-5FD76D942A11}.Debug|x64.Build.0 = Debug|Any CPU
		{B4BCBF7C-62D2-4AB6-9142-5FD76D942A11}.Debug|x86.ActiveCfg = Debug|Any CPU
		{B4BCBF7C-62D2-4AB6-9142-5FD76D942A11}.Debug|x86.Build.0 = Debug|Any CPU
		{B4BCBF7C-62D2-4AB6-9142-5FD76D942A11}.Release|Any CPU.ActiveCfg = Release|Any CPU
		{B4BCBF7C-62D2-4AB6-9142-5FD76D942A11}.Release|Any CPU.Build.0 = Release|Any CPU
		{B4BCBF7C-62D2-4AB6-9142-5FD76D942A11}.Release|x64.ActiveCfg = Release|Any CPU
		{B4BCBF7C-62D2-4AB6-9142-5FD76D942A11}.Release|x64.Build.0 = Release|Any CPU
		{B4BCBF7C-62D2-4AB6-9142-5FD76D942A11}.Release|x86.ActiveCfg = Release|Any CPU
		{B4BCBF7C-62D2-4AB6-9142-5FD76D942A11}.Release|x86.Build.0 = Release|Any CPU
		{80FC3BA3-780F-4B92-9ED2-01B1D22EA701}.Debug|Any CPU.ActiveCfg = Debug|Any CPU
		{80FC3BA3-780F-4B92-9ED2-01B1D22EA701}.Debug|Any CPU.Build.0 = Debug|Any CPU
		{80FC3BA3-780F-4B92-9ED2-01B1D22EA701}.Debug|x64.ActiveCfg = Debug|Any CPU
		{80FC3BA3-780F-4B92-9ED2-01B1D22EA701}.Debug|x64.Build.0 = Debug|Any CPU
		{80FC3BA3-780F-4B92-9ED2-01B1D22EA701}.Debug|x86.ActiveCfg = Debug|Any CPU
		{80FC3BA3-780F-4B92-9ED2-01B1D22EA701}.Debug|x86.Build.0 = Debug|Any CPU
		{80FC3BA3-780F-4B92-9ED2-01B1D22EA701}.Release|Any CPU.ActiveCfg = Release|Any CPU
		{80FC3BA3-780F-4B92-9ED2-01B1D22EA701}.Release|Any CPU.Build.0 = Release|Any CPU
		{80FC3BA3-780F-4B92-9ED2-01B1D22EA701}.Release|x64.ActiveCfg = Release|Any CPU
		{80FC3BA3-780F-4B92-9ED2-01B1D22EA701}.Release|x64.Build.0 = Release|Any CPU
		{80FC3BA3-780F-4B92-9ED2-01B1D22EA701}.Release|x86.ActiveCfg = Release|Any CPU
		{80FC3BA3-780F-4B92-9ED2-01B1D22EA701}.Release|x86.Build.0 = Release|Any CPU
		{2D610F86-14BF-4816-B9E7-6F9157829A2A}.Debug|Any CPU.ActiveCfg = Debug|Any CPU
		{2D610F86-14BF-4816-B9E7-6F9157829A2A}.Debug|Any CPU.Build.0 = Debug|Any CPU
		{2D610F86-14BF-4816-B9E7-6F9157829A2A}.Debug|x64.ActiveCfg = Debug|Any CPU
		{2D610F86-14BF-4816-B9E7-6F9157829A2A}.Debug|x64.Build.0 = Debug|Any CPU
		{2D610F86-14BF-4816-B9E7-6F9157829A2A}.Debug|x86.ActiveCfg = Debug|Any CPU
		{2D610F86-14BF-4816-B9E7-6F9157829A2A}.Debug|x86.Build.0 = Debug|Any CPU
		{2D610F86-14BF-4816-B9E7-6F9157829A2A}.Release|Any CPU.ActiveCfg = Release|Any CPU
		{2D610F86-14BF-4816-B9E7-6F9157829A2A}.Release|Any CPU.Build.0 = Release|Any CPU
		{2D610F86-14BF-4816-B9E7-6F9157829A2A}.Release|x64.ActiveCfg = Release|Any CPU
		{2D610F86-14BF-4816-B9E7-6F9157829A2A}.Release|x64.Build.0 = Release|Any CPU
		{2D610F86-14BF-4816-B9E7-6F9157829A2A}.Release|x86.ActiveCfg = Release|Any CPU
		{2D610F86-14BF-4816-B9E7-6F9157829A2A}.Release|x86.Build.0 = Release|Any CPU
		{4BF1F01C-855D-465C-929A-503F58190F15}.Debug|Any CPU.ActiveCfg = Debug|Any CPU
		{4BF1F01C-855D-465C-929A-503F58190F15}.Debug|Any CPU.Build.0 = Debug|Any CPU
		{4BF1F01C-855D-465C-929A-503F58190F15}.Debug|x64.ActiveCfg = Debug|Any CPU
		{4BF1F01C-855D-465C-929A-503F58190F15}.Debug|x64.Build.0 = Debug|Any CPU
		{4BF1F01C-855D-465C-929A-503F58190F15}.Debug|x86.ActiveCfg = Debug|Any CPU
		{4BF1F01C-855D-465C-929A-503F58190F15}.Debug|x86.Build.0 = Debug|Any CPU
		{4BF1F01C-855D-465C-929A-503F58190F15}.Release|Any CPU.ActiveCfg = Release|Any CPU
		{4BF1F01C-855D-465C-929A-503F58190F15}.Release|Any CPU.Build.0 = Release|Any CPU
		{4BF1F01C-855D-465C-929A-503F58190F15}.Release|x64.ActiveCfg = Release|Any CPU
		{4BF1F01C-855D-465C-929A-503F58190F15}.Release|x64.Build.0 = Release|Any CPU
		{4BF1F01C-855D-465C-929A-503F58190F15}.Release|x86.ActiveCfg = Release|Any CPU
		{4BF1F01C-855D-465C-929A-503F58190F15}.Release|x86.Build.0 = Release|Any CPU
		{ED08E094-A23C-40A5-B762-B78DD53DE296}.Debug|Any CPU.ActiveCfg = Debug|Any CPU
		{ED08E094-A23C-40A5-B762-B78DD53DE296}.Debug|Any CPU.Build.0 = Debug|Any CPU
		{ED08E094-A23C-40A5-B762-B78DD53DE296}.Debug|x64.ActiveCfg = Debug|Any CPU
		{ED08E094-A23C-40A5-B762-B78DD53DE296}.Debug|x64.Build.0 = Debug|Any CPU
		{ED08E094-A23C-40A5-B762-B78DD53DE296}.Debug|x86.ActiveCfg = Debug|Any CPU
		{ED08E094-A23C-40A5-B762-B78DD53DE296}.Debug|x86.Build.0 = Debug|Any CPU
		{ED08E094-A23C-40A5-B762-B78DD53DE296}.Release|Any CPU.ActiveCfg = Release|Any CPU
		{ED08E094-A23C-40A5-B762-B78DD53DE296}.Release|Any CPU.Build.0 = Release|Any CPU
		{ED08E094-A23C-40A5-B762-B78DD53DE296}.Release|x64.ActiveCfg = Release|Any CPU
		{ED08E094-A23C-40A5-B762-B78DD53DE296}.Release|x64.Build.0 = Release|Any CPU
		{ED08E094-A23C-40A5-B762-B78DD53DE296}.Release|x86.ActiveCfg = Release|Any CPU
		{ED08E094-A23C-40A5-B762-B78DD53DE296}.Release|x86.Build.0 = Release|Any CPU
		{FAA061C0-6210-490C-832F-00F4D911253B}.Debug|Any CPU.ActiveCfg = Debug|Any CPU
		{FAA061C0-6210-490C-832F-00F4D911253B}.Debug|Any CPU.Build.0 = Debug|Any CPU
		{FAA061C0-6210-490C-832F-00F4D911253B}.Debug|x64.ActiveCfg = Debug|Any CPU
		{FAA061C0-6210-490C-832F-00F4D911253B}.Debug|x64.Build.0 = Debug|Any CPU
		{FAA061C0-6210-490C-832F-00F4D911253B}.Debug|x86.ActiveCfg = Debug|Any CPU
		{FAA061C0-6210-490C-832F-00F4D911253B}.Debug|x86.Build.0 = Debug|Any CPU
		{FAA061C0-6210-490C-832F-00F4D911253B}.Release|Any CPU.ActiveCfg = Release|Any CPU
		{FAA061C0-6210-490C-832F-00F4D911253B}.Release|Any CPU.Build.0 = Release|Any CPU
		{FAA061C0-6210-490C-832F-00F4D911253B}.Release|x64.ActiveCfg = Release|Any CPU
		{FAA061C0-6210-490C-832F-00F4D911253B}.Release|x64.Build.0 = Release|Any CPU
		{FAA061C0-6210-490C-832F-00F4D911253B}.Release|x86.ActiveCfg = Release|Any CPU
		{FAA061C0-6210-490C-832F-00F4D911253B}.Release|x86.Build.0 = Release|Any CPU
		{9A16C71F-444E-486B-953B-7DEEC99D7534}.Debug|Any CPU.ActiveCfg = Debug|Any CPU
		{9A16C71F-444E-486B-953B-7DEEC99D7534}.Debug|Any CPU.Build.0 = Debug|Any CPU
		{9A16C71F-444E-486B-953B-7DEEC99D7534}.Debug|x64.ActiveCfg = Debug|Any CPU
		{9A16C71F-444E-486B-953B-7DEEC99D7534}.Debug|x64.Build.0 = Debug|Any CPU
		{9A16C71F-444E-486B-953B-7DEEC99D7534}.Debug|x86.ActiveCfg = Debug|Any CPU
		{9A16C71F-444E-486B-953B-7DEEC99D7534}.Debug|x86.Build.0 = Debug|Any CPU
		{9A16C71F-444E-486B-953B-7DEEC99D7534}.Release|Any CPU.ActiveCfg = Release|Any CPU
		{9A16C71F-444E-486B-953B-7DEEC99D7534}.Release|Any CPU.Build.0 = Release|Any CPU
		{9A16C71F-444E-486B-953B-7DEEC99D7534}.Release|x64.ActiveCfg = Release|Any CPU
		{9A16C71F-444E-486B-953B-7DEEC99D7534}.Release|x64.Build.0 = Release|Any CPU
		{9A16C71F-444E-486B-953B-7DEEC99D7534}.Release|x86.ActiveCfg = Release|Any CPU
		{9A16C71F-444E-486B-953B-7DEEC99D7534}.Release|x86.Build.0 = Release|Any CPU
		{E46BF68B-BFF4-4422-89B0-382723A7A9A0}.Debug|Any CPU.ActiveCfg = Debug|Any CPU
		{E46BF68B-BFF4-4422-89B0-382723A7A9A0}.Debug|Any CPU.Build.0 = Debug|Any CPU
		{E46BF68B-BFF4-4422-89B0-382723A7A9A0}.Debug|x64.ActiveCfg = Debug|Any CPU
		{E46BF68B-BFF4-4422-89B0-382723A7A9A0}.Debug|x64.Build.0 = Debug|Any CPU
		{E46BF68B-BFF4-4422-89B0-382723A7A9A0}.Debug|x86.ActiveCfg = Debug|Any CPU
		{E46BF68B-BFF4-4422-89B0-382723A7A9A0}.Debug|x86.Build.0 = Debug|Any CPU
		{E46BF68B-BFF4-4422-89B0-382723A7A9A0}.Release|Any CPU.ActiveCfg = Release|Any CPU
		{E46BF68B-BFF4-4422-89B0-382723A7A9A0}.Release|Any CPU.Build.0 = Release|Any CPU
		{E46BF68B-BFF4-4422-89B0-382723A7A9A0}.Release|x64.ActiveCfg = Release|Any CPU
		{E46BF68B-BFF4-4422-89B0-382723A7A9A0}.Release|x64.Build.0 = Release|Any CPU
		{E46BF68B-BFF4-4422-89B0-382723A7A9A0}.Release|x86.ActiveCfg = Release|Any CPU
		{E46BF68B-BFF4-4422-89B0-382723A7A9A0}.Release|x86.Build.0 = Release|Any CPU
		{EE7F3263-70D9-49DD-A108-CA7EECA97810}.Debug|Any CPU.ActiveCfg = Debug|Any CPU
		{EE7F3263-70D9-49DD-A108-CA7EECA97810}.Debug|Any CPU.Build.0 = Debug|Any CPU
		{EE7F3263-70D9-49DD-A108-CA7EECA97810}.Debug|x64.ActiveCfg = Debug|Any CPU
		{EE7F3263-70D9-49DD-A108-CA7EECA97810}.Debug|x64.Build.0 = Debug|Any CPU
		{EE7F3263-70D9-49DD-A108-CA7EECA97810}.Debug|x86.ActiveCfg = Debug|Any CPU
		{EE7F3263-70D9-49DD-A108-CA7EECA97810}.Debug|x86.Build.0 = Debug|Any CPU
		{EE7F3263-70D9-49DD-A108-CA7EECA97810}.Release|Any CPU.ActiveCfg = Release|Any CPU
		{EE7F3263-70D9-49DD-A108-CA7EECA97810}.Release|Any CPU.Build.0 = Release|Any CPU
		{EE7F3263-70D9-49DD-A108-CA7EECA97810}.Release|x64.ActiveCfg = Release|Any CPU
		{EE7F3263-70D9-49DD-A108-CA7EECA97810}.Release|x64.Build.0 = Release|Any CPU
		{EE7F3263-70D9-49DD-A108-CA7EECA97810}.Release|x86.ActiveCfg = Release|Any CPU
		{EE7F3263-70D9-49DD-A108-CA7EECA97810}.Release|x86.Build.0 = Release|Any CPU
		{50CF916A-724E-4AED-BF09-10608DD749D8}.Debug|Any CPU.ActiveCfg = Debug|Any CPU
		{50CF916A-724E-4AED-BF09-10608DD749D8}.Debug|Any CPU.Build.0 = Debug|Any CPU
		{50CF916A-724E-4AED-BF09-10608DD749D8}.Debug|x64.ActiveCfg = Debug|Any CPU
		{50CF916A-724E-4AED-BF09-10608DD749D8}.Debug|x64.Build.0 = Debug|Any CPU
		{50CF916A-724E-4AED-BF09-10608DD749D8}.Debug|x86.ActiveCfg = Debug|Any CPU
		{50CF916A-724E-4AED-BF09-10608DD749D8}.Debug|x86.Build.0 = Debug|Any CPU
		{50CF916A-724E-4AED-BF09-10608DD749D8}.Release|Any CPU.ActiveCfg = Release|Any CPU
		{50CF916A-724E-4AED-BF09-10608DD749D8}.Release|Any CPU.Build.0 = Release|Any CPU
		{50CF916A-724E-4AED-BF09-10608DD749D8}.Release|x64.ActiveCfg = Release|Any CPU
		{50CF916A-724E-4AED-BF09-10608DD749D8}.Release|x64.Build.0 = Release|Any CPU
		{50CF916A-724E-4AED-BF09-10608DD749D8}.Release|x86.ActiveCfg = Release|Any CPU
		{50CF916A-724E-4AED-BF09-10608DD749D8}.Release|x86.Build.0 = Release|Any CPU
	EndGlobalSection
	GlobalSection(SolutionProperties) = preSolution
		HideSolutionNode = FALSE
	EndGlobalSection
	GlobalSection(NestedProjects) = preSolution
		{D7A6FD3E-723C-49EB-B8F2-82F1BE005F2F} = {42A1416C-FA1A-4B4C-9F4E-481CC06934EB}
		{416E48E7-12AA-4B62-860E-194AACD0F241} = {42A1416C-FA1A-4B4C-9F4E-481CC06934EB}
		{A1C0F9E3-997F-42EE-B66E-8956B47870C6} = {42A1416C-FA1A-4B4C-9F4E-481CC06934EB}
		{B454706C-6285-4EBB-BF33-DB3F3747F246} = {42A1416C-FA1A-4B4C-9F4E-481CC06934EB}
		{20E4B839-757A-4558-A642-72D9669F55EB} = {42A1416C-FA1A-4B4C-9F4E-481CC06934EB}
		{B33A521B-38DC-4869-A813-102BBC6C1EF1} = {42A1416C-FA1A-4B4C-9F4E-481CC06934EB}
		{37FEB4DD-9BA9-4ECA-9069-BF7C33A78555} = {42A1416C-FA1A-4B4C-9F4E-481CC06934EB}
		{006F3FC0-EE8C-4F08-ABB2-37B153D3EE0A} = {42A1416C-FA1A-4B4C-9F4E-481CC06934EB}
		{9D6822CC-3443-44F6-B539-019B9BFF42B4} = {42A1416C-FA1A-4B4C-9F4E-481CC06934EB}
		{FB184D3B-5E2B-4A41-A6CD-FD341C8E2222} = {42A1416C-FA1A-4B4C-9F4E-481CC06934EB}
		{624147A6-63C6-4D8D-B36B-C7DF626FCDD9} = {42A1416C-FA1A-4B4C-9F4E-481CC06934EB}
		{398943FB-FCE8-4EC4-92A0-745C868C134B} = {42A1416C-FA1A-4B4C-9F4E-481CC06934EB}
		{1F20230E-AFA8-43FC-843E-2F696C17D159} = {42A1416C-FA1A-4B4C-9F4E-481CC06934EB}
		{B4BCBF7C-62D2-4AB6-9142-5FD76D942A11} = {42A1416C-FA1A-4B4C-9F4E-481CC06934EB}
		{80FC3BA3-780F-4B92-9ED2-01B1D22EA701} = {42A1416C-FA1A-4B4C-9F4E-481CC06934EB}
		{2D610F86-14BF-4816-B9E7-6F9157829A2A} = {42A1416C-FA1A-4B4C-9F4E-481CC06934EB}
		{4BF1F01C-855D-465C-929A-503F58190F15} = {42A1416C-FA1A-4B4C-9F4E-481CC06934EB}
		{ED08E094-A23C-40A5-B762-B78DD53DE296} = {42A1416C-FA1A-4B4C-9F4E-481CC06934EB}
		{FAA061C0-6210-490C-832F-00F4D911253B} = {42A1416C-FA1A-4B4C-9F4E-481CC06934EB}
		{9A16C71F-444E-486B-953B-7DEEC99D7534} = {42A1416C-FA1A-4B4C-9F4E-481CC06934EB}
		{E46BF68B-BFF4-4422-89B0-382723A7A9A0} = {42A1416C-FA1A-4B4C-9F4E-481CC06934EB}
		{EE7F3263-70D9-49DD-A108-CA7EECA97810} = {42A1416C-FA1A-4B4C-9F4E-481CC06934EB}
		{50CF916A-724E-4AED-BF09-10608DD749D8} = {42A1416C-FA1A-4B4C-9F4E-481CC06934EB}
	EndGlobalSection
	GlobalSection(ExtensibilityGlobals) = postSolution
		SolutionGuid = {B9E94F4E-F61D-4A0A-AA67-5BD48B7AA0B5}
	EndGlobalSection
EndGlobal
